
Microsoft Visual Studio Solution File, Format Version 12.00
# Visual Studio Version 17
VisualStudioVersion = 17.13.36105.23 d17.13
MinimumVisualStudioVersion = 10.0.40219.1
Project("{FAE04EC0-301F-11D3-BF4B-00C04F79EFBC}") = "Hackathon.ContentRecommendation.Api", "Hackathon.ContentRecommendationService\Hackathon.ContentRecommendation.Api.csproj", "{4D1ABCE8-81BA-4E40-BB1C-1E3BFC780569}"
EndProject
Project("{FAE04EC0-301F-11D3-BF4B-00C04F79EFBC}") = "Hackathon.ContentRecommendation.Service", "Hackathon.ContentRecommendation.Service\Hackathon.ContentRecommendation.Service.csproj", "{1BA0A069-5875-4B86-8C4F-CA4169CBED2B}"
EndProject
Project("{FAE04EC0-301F-11D3-BF4B-00C04F79EFBC}") = "Hackathon.ContentRecommendation.Data", "Hackathon.ContentRecommendation.Data\Hackathon.ContentRecommendation.Data.csproj", "{C4128463-79BD-4999-B31D-DDF9C2D35197}"
EndProject
Project("{FAE04EC0-301F-11D3-BF4B-00C04F79EFBC}") = "Hackathon.ContentRecommendation.Common", "Hackathon.ContentRecommendation.Common\Hackathon.ContentRecommendation.Common.csproj", "{60EE1C19-B8D7-471C-AC36-2C4FC684BC92}"
EndProject
Global
	GlobalSection(SolutionConfigurationPlatforms) = preSolution
		Debug|Any CPU = Debug|Any CPU
		Release|Any CPU = Release|Any CPU
	EndGlobalSection
	GlobalSection(ProjectConfigurationPlatforms) = postSolution
		{4D1ABCE8-81BA-4E40-BB1C-1E3BFC780569}.Debug|Any CPU.ActiveCfg = Debug|Any CPU
		{4D1ABCE8-81BA-4E40-BB1C-1E3BFC780569}.Debug|Any CPU.Build.0 = Debug|Any CPU
		{4D1ABCE8-81BA-4E40-BB1C-1E3BFC780569}.Release|Any CPU.ActiveCfg = Release|Any CPU
		{4D1ABCE8-81BA-4E40-BB1C-1E3BFC780569}.Release|Any CPU.Build.0 = Release|Any CPU
		{1BA0A069-5875-4B86-8C4F-CA4169CBED2B}.Debug|Any CPU.ActiveCfg = Debug|Any CPU
		{1BA0A069-5875-4B86-8C4F-CA4169CBED2B}.Debug|Any CPU.Build.0 = Debug|Any CPU
		{1BA0A069-5875-4B86-8C4F-CA4169CBED2B}.Release|Any CPU.ActiveCfg = Release|Any CPU
		{1BA0A069-5875-4B86-8C4F-CA4169CBED2B}.Release|Any CPU.Build.0 = Release|Any CPU
		{C4128463-79BD-4999-B31D-DDF9C2D35197}.Debug|Any CPU.ActiveCfg = Debug|Any CPU
		{C4128463-79BD-4999-B31D-DDF9C2D35197}.Debug|Any CPU.Build.0 = Debug|Any CPU
		{C4128463-79BD-4999-B31D-DDF9C2D35197}.Release|Any CPU.ActiveCfg = Release|Any CPU
		{C4128463-79BD-4999-B31D-DDF9C2D35197}.Release|Any CPU.Build.0 = Release|Any CPU
		{60EE1C19-B8D7-471C-AC36-2C4FC684BC92}.Debug|Any CPU.ActiveCfg = Debug|Any CPU
		{60EE1C19-B8D7-471C-AC36-2C4FC684BC92}.Debug|Any CPU.Build.0 = Debug|Any CPU
		{60EE1C19-B8D7-471C-AC36-2C4FC684BC92}.Release|Any CPU.ActiveCfg = Release|Any CPU
		{60EE1C19-B8D7-471C-AC36-2C4FC684BC92}.Release|Any CPU.Build.0 = Release|Any CPU
	EndGlobalSection
	GlobalSection(SolutionProperties) = preSolution
		HideSolutionNode = FALSE
	EndGlobalSection
	GlobalSection(ExtensibilityGlobals) = postSolution
		SolutionGuid = {105F3E5D-F0FC-49A2-92C3-7DE251121BC8}
	EndGlobalSection
EndGlobal
